
Microsoft Visual Studio Solution File, Format Version 12.00
# Visual Studio 15
Project("{FAE04EC0-301F-11D3-BF4B-00C04F79EFBC}") = "HelloGithub", "HelloGithub\HelloGithub.csproj", "{C5A3CE0C-D03C-45EB-B512-F1DCC9C778D5}"
EndProject
Global
	GlobalSection(SolutionConfigurationPlatforms) = preSolution
		Debug|Any CPU = Debug|Any CPU
		Release|Any CPU = Release|Any CPU
	EndGlobalSection
	GlobalSection(ProjectConfigurationPlatforms) = postSolution
		{C5A3CE0C-D03C-45EB-B512-F1DCC9C778D5}.Debug|Any CPU.ActiveCfg = Debug|Any CPU
		{C5A3CE0C-D03C-45EB-B512-F1DCC9C778D5}.Debug|Any CPU.Build.0 = Debug|Any CPU
		{C5A3CE0C-D03C-45EB-B512-F1DCC9C778D5}.Release|Any CPU.ActiveCfg = Release|Any CPU
		{C5A3CE0C-D03C-45EB-B512-F1DCC9C778D5}.Release|Any CPU.Build.0 = Release|Any CPU
	EndGlobalSection
EndGlobal
